// !$*UTF8*$!
{
	archiveVersion = 1;
	classes = {
	};
	objectVersion = 50;
	objects = {

/* Begin PBXBuildFile section */
		C526626F26D915AA00BC5ADF /* ViewController+Extensions.swift in Sources */ = {isa = PBXBuildFile; fileRef = C526626E26D915AA00BC5ADF /* ViewController+Extensions.swift */; };
		C526627126D9160100BC5ADF /* LoadingViewController.swift in Sources */ = {isa = PBXBuildFile; fileRef = C526627026D9160100BC5ADF /* LoadingViewController.swift */; };
		C533B56326DA4F3900EC9F9A /* UIAlertController+Extensions.swift in Sources */ = {isa = PBXBuildFile; fileRef = C533B56226DA4F3900EC9F9A /* UIAlertController+Extensions.swift */; };
		C533B56526DA568600EC9F9A /* ArticleStackView.swift in Sources */ = {isa = PBXBuildFile; fileRef = C533B56426DA568600EC9F9A /* ArticleStackView.swift */; };
		C533B56726DA5D6900EC9F9A /* UIViewController+Extensions.swift in Sources */ = {isa = PBXBuildFile; fileRef = C533B56626DA5D6900EC9F9A /* UIViewController+Extensions.swift */; };
		C568D12226D7D621003F8121 /* ArticleViewController.swift in Sources */ = {isa = PBXBuildFile; fileRef = C568D12126D7D621003F8121 /* ArticleViewController.swift */; };
		C5EA36E226D62AA400485CA8 /* AppDelegate.swift in Sources */ = {isa = PBXBuildFile; fileRef = C5EA36E126D62AA400485CA8 /* AppDelegate.swift */; };
		C5EA36E626D62AA400485CA8 /* ViewController.swift in Sources */ = {isa = PBXBuildFile; fileRef = C5EA36E526D62AA400485CA8 /* ViewController.swift */; };
		C5EA36EB26D62AA500485CA8 /* Assets.xcassets in Resources */ = {isa = PBXBuildFile; fileRef = C5EA36EA26D62AA500485CA8 /* Assets.xcassets */; };
		C5EA36EE26D62AA500485CA8 /* LaunchScreen.storyboard in Resources */ = {isa = PBXBuildFile; fileRef = C5EA36EC26D62AA500485CA8 /* LaunchScreen.storyboard */; };
		C5EA36F626D62D6000485CA8 /* NewsProvider.swift in Sources */ = {isa = PBXBuildFile; fileRef = C5EA36F526D62D6000485CA8 /* NewsProvider.swift */; };
		C5EA36F826D6349A00485CA8 /* Welcome.swift in Sources */ = {isa = PBXBuildFile; fileRef = C5EA36F726D6349A00485CA8 /* Welcome.swift */; };
		C5EA36FA26D634CF00485CA8 /* Article.swift in Sources */ = {isa = PBXBuildFile; fileRef = C5EA36F926D634CF00485CA8 /* Article.swift */; };
		C5EA370126D6585000485CA8 /* CustomCellView.swift in Sources */ = {isa = PBXBuildFile; fileRef = C5EA370026D6585000485CA8 /* CustomCellView.swift */; };
		C5EA370326D6622300485CA8 /* UIImageView+Extensions.swift in Sources */ = {isa = PBXBuildFile; fileRef = C5EA370226D6622300485CA8 /* UIImageView+Extensions.swift */; };
/* End PBXBuildFile section */

/* Begin PBXFileReference section */
		C526626E26D915AA00BC5ADF /* ViewController+Extensions.swift */ = {isa = PBXFileReference; lastKnownFileType = sourcecode.swift; path = "ViewController+Extensions.swift"; sourceTree = "<group>"; };
		C526627026D9160100BC5ADF /* LoadingViewController.swift */ = {isa = PBXFileReference; lastKnownFileType = sourcecode.swift; path = LoadingViewController.swift; sourceTree = "<group>"; };
		C533B56226DA4F3900EC9F9A /* UIAlertController+Extensions.swift */ = {isa = PBXFileReference; lastKnownFileType = sourcecode.swift; path = "UIAlertController+Extensions.swift"; sourceTree = "<group>"; };
		C533B56426DA568600EC9F9A /* ArticleStackView.swift */ = {isa = PBXFileReference; lastKnownFileType = sourcecode.swift; path = ArticleStackView.swift; sourceTree = "<group>"; };
		C533B56626DA5D6900EC9F9A /* UIViewController+Extensions.swift */ = {isa = PBXFileReference; lastKnownFileType = sourcecode.swift; path = "UIViewController+Extensions.swift"; sourceTree = "<group>"; };
		C568D12126D7D621003F8121 /* ArticleViewController.swift */ = {isa = PBXFileReference; lastKnownFileType = sourcecode.swift; path = ArticleViewController.swift; sourceTree = "<group>"; };
		C5EA36DE26D62AA400485CA8 /* NewsReader.app */ = {isa = PBXFileReference; explicitFileType = wrapper.application; includeInIndex = 0; path = NewsReader.app; sourceTree = BUILT_PRODUCTS_DIR; };
		C5EA36E126D62AA400485CA8 /* AppDelegate.swift */ = {isa = PBXFileReference; lastKnownFileType = sourcecode.swift; path = AppDelegate.swift; sourceTree = "<group>"; };
		C5EA36E526D62AA400485CA8 /* ViewController.swift */ = {isa = PBXFileReference; lastKnownFileType = sourcecode.swift; path = ViewController.swift; sourceTree = "<group>"; };
		C5EA36EA26D62AA500485CA8 /* Assets.xcassets */ = {isa = PBXFileReference; lastKnownFileType = folder.assetcatalog; path = Assets.xcassets; sourceTree = "<group>"; };
		C5EA36ED26D62AA500485CA8 /* Base */ = {isa = PBXFileReference; lastKnownFileType = file.storyboard; name = Base; path = Base.lproj/LaunchScreen.storyboard; sourceTree = "<group>"; };
		C5EA36EF26D62AA500485CA8 /* Info.plist */ = {isa = PBXFileReference; lastKnownFileType = text.plist.xml; path = Info.plist; sourceTree = "<group>"; };
		C5EA36F526D62D6000485CA8 /* NewsProvider.swift */ = {isa = PBXFileReference; lastKnownFileType = sourcecode.swift; path = NewsProvider.swift; sourceTree = "<group>"; };
		C5EA36F726D6349A00485CA8 /* Welcome.swift */ = {isa = PBXFileReference; lastKnownFileType = sourcecode.swift; path = Welcome.swift; sourceTree = "<group>"; };
		C5EA36F926D634CF00485CA8 /* Article.swift */ = {isa = PBXFileReference; lastKnownFileType = sourcecode.swift; path = Article.swift; sourceTree = "<group>"; };
		C5EA370026D6585000485CA8 /* CustomCellView.swift */ = {isa = PBXFileReference; lastKnownFileType = sourcecode.swift; path = CustomCellView.swift; sourceTree = "<group>"; };
		C5EA370226D6622300485CA8 /* UIImageView+Extensions.swift */ = {isa = PBXFileReference; lastKnownFileType = sourcecode.swift; path = "UIImageView+Extensions.swift"; sourceTree = "<group>"; };
/* End PBXFileReference section */

/* Begin PBXFrameworksBuildPhase section */
		C5EA36DB26D62AA400485CA8 /* Frameworks */ = {
			isa = PBXFrameworksBuildPhase;
			buildActionMask = 2147483647;
			files = (
			);
			runOnlyForDeploymentPostprocessing = 0;
		};
/* End PBXFrameworksBuildPhase section */

/* Begin PBXGroup section */
		C526627426D9227300BC5ADF /* Controllers */ = {
			isa = PBXGroup;
			children = (
				C526627026D9160100BC5ADF /* LoadingViewController.swift */,
				C568D12126D7D621003F8121 /* ArticleViewController.swift */,
				C5EA36E526D62AA400485CA8 /* ViewController.swift */,
			);
			path = Controllers;
			sourceTree = "<group>";
		};
		C526627526D9229600BC5ADF /* Extensions */ = {
			isa = PBXGroup;
			children = (
				C526626E26D915AA00BC5ADF /* ViewController+Extensions.swift */,
				C5EA370226D6622300485CA8 /* UIImageView+Extensions.swift */,
				C533B56226DA4F3900EC9F9A /* UIAlertController+Extensions.swift */,
				C533B56626DA5D6900EC9F9A /* UIViewController+Extensions.swift */,
			);
			path = Extensions;
			sourceTree = "<group>";
		};
		C533B55D26DA4A5D00EC9F9A /* SubView */ = {
			isa = PBXGroup;
			children = (
				C5EA370026D6585000485CA8 /* CustomCellView.swift */,
				C533B56426DA568600EC9F9A /* ArticleStackView.swift */,
			);
			path = SubView;
			sourceTree = "<group>";
		};
		C533B55E26DA4A6E00EC9F9A /* Provider */ = {
			isa = PBXGroup;
			children = (
				C5EA36F526D62D6000485CA8 /* NewsProvider.swift */,
			);
			path = Provider;
			sourceTree = "<group>";
		};
		C533B55F26DA4A9D00EC9F9A /* Support */ = {
			isa = PBXGroup;
			children = (
				C5EA36EC26D62AA500485CA8 /* LaunchScreen.storyboard */,
				C5EA36EA26D62AA500485CA8 /* Assets.xcassets */,
				C5EA36E126D62AA400485CA8 /* AppDelegate.swift */,
			);
			path = Support;
			sourceTree = "<group>";
		};
		C5EA36D526D62AA400485CA8 = {
			isa = PBXGroup;
			children = (
				C5EA36E026D62AA400485CA8 /* NewsReader */,
				C5EA36DF26D62AA400485CA8 /* Products */,
			);
			sourceTree = "<group>";
		};
		C5EA36DF26D62AA400485CA8 /* Products */ = {
			isa = PBXGroup;
			children = (
				C5EA36DE26D62AA400485CA8 /* NewsReader.app */,
			);
			name = Products;
			sourceTree = "<group>";
		};
		C5EA36E026D62AA400485CA8 /* NewsReader */ = {
			isa = PBXGroup;
			children = (
				C5EA36EF26D62AA500485CA8 /* Info.plist */,
				C533B55F26DA4A9D00EC9F9A /* Support */,
				C533B55E26DA4A6E00EC9F9A /* Provider */,
				C533B55D26DA4A5D00EC9F9A /* SubView */,
				C526627526D9229600BC5ADF /* Extensions */,
				C526627426D9227300BC5ADF /* Controllers */,
				C5EA36FB26D6367000485CA8 /* Model */,
			);
			path = NewsReader;
			sourceTree = "<group>";
		};
		C5EA36FB26D6367000485CA8 /* Model */ = {
			isa = PBXGroup;
			children = (
				C5EA36F726D6349A00485CA8 /* Welcome.swift */,
				C5EA36F926D634CF00485CA8 /* Article.swift */,
			);
			path = Model;
			sourceTree = "<group>";
		};
/* End PBXGroup section */

/* Begin PBXNativeTarget section */
		C5EA36DD26D62AA400485CA8 /* NewsReader */ = {
			isa = PBXNativeTarget;
			buildConfigurationList = C5EA36F226D62AA500485CA8 /* Build configuration list for PBXNativeTarget "NewsReader" */;
			buildPhases = (
				C5EA36DA26D62AA400485CA8 /* Sources */,
				C5EA36DB26D62AA400485CA8 /* Frameworks */,
				C5EA36DC26D62AA400485CA8 /* Resources */,
			);
			buildRules = (
			);
			dependencies = (
			);
			name = NewsReader;
			productName = NewsReader;
			productReference = C5EA36DE26D62AA400485CA8 /* NewsReader.app */;
			productType = "com.apple.product-type.application";
		};
/* End PBXNativeTarget section */

/* Begin PBXProject section */
		C5EA36D626D62AA400485CA8 /* Project object */ = {
			isa = PBXProject;
			attributes = {
				LastSwiftUpdateCheck = 1250;
				LastUpgradeCheck = 1250;
				TargetAttributes = {
					C5EA36DD26D62AA400485CA8 = {
						CreatedOnToolsVersion = 12.5.1;
					};
				};
			};
			buildConfigurationList = C5EA36D926D62AA400485CA8 /* Build configuration list for PBXProject "NewsReader" */;
			compatibilityVersion = "Xcode 9.3";
			developmentRegion = en;
			hasScannedForEncodings = 0;
			knownRegions = (
				en,
				Base,
			);
			mainGroup = C5EA36D526D62AA400485CA8;
			productRefGroup = C5EA36DF26D62AA400485CA8 /* Products */;
			projectDirPath = "";
			projectRoot = "";
			targets = (
				C5EA36DD26D62AA400485CA8 /* NewsReader */,
			);
		};
/* End PBXProject section */

/* Begin PBXResourcesBuildPhase section */
		C5EA36DC26D62AA400485CA8 /* Resources */ = {
			isa = PBXResourcesBuildPhase;
			buildActionMask = 2147483647;
			files = (
				C5EA36EE26D62AA500485CA8 /* LaunchScreen.storyboard in Resources */,
				C5EA36EB26D62AA500485CA8 /* Assets.xcassets in Resources */,
			);
			runOnlyForDeploymentPostprocessing = 0;
		};
/* End PBXResourcesBuildPhase section */

/* Begin PBXSourcesBuildPhase section */
		C5EA36DA26D62AA400485CA8 /* Sources */ = {
			isa = PBXSourcesBuildPhase;
			buildActionMask = 2147483647;
			files = (
				C5EA36E626D62AA400485CA8 /* ViewController.swift in Sources */,
				C568D12226D7D621003F8121 /* ArticleViewController.swift in Sources */,
				C533B56726DA5D6900EC9F9A /* UIViewController+Extensions.swift in Sources */,
				C5EA370326D6622300485CA8 /* UIImageView+Extensions.swift in Sources */,
				C533B56326DA4F3900EC9F9A /* UIAlertController+Extensions.swift in Sources */,
				C5EA36F826D6349A00485CA8 /* Welcome.swift in Sources */,
				C526626F26D915AA00BC5ADF /* ViewController+Extensions.swift in Sources */,
				C5EA36FA26D634CF00485CA8 /* Article.swift in Sources */,
				C5EA36F626D62D6000485CA8 /* NewsProvider.swift in Sources */,
				C526627126D9160100BC5ADF /* LoadingViewController.swift in Sources */,
				C5EA370126D6585000485CA8 /* CustomCellView.swift in Sources */,
				C533B56526DA568600EC9F9A /* ArticleStackView.swift in Sources */,
				C5EA36E226D62AA400485CA8 /* AppDelegate.swift in Sources */,
			);
			runOnlyForDeploymentPostprocessing = 0;
		};
/* End PBXSourcesBuildPhase section */

/* Begin PBXVariantGroup section */
		C5EA36EC26D62AA500485CA8 /* LaunchScreen.storyboard */ = {
			isa = PBXVariantGroup;
			children = (
				C5EA36ED26D62AA500485CA8 /* Base */,
			);
			name = LaunchScreen.storyboard;
			sourceTree = "<group>";
		};
/* End PBXVariantGroup section */

/* Begin XCBuildConfiguration section */
		C5EA36F026D62AA500485CA8 /* Debug */ = {
			isa = XCBuildConfiguration;
			buildSettings = {
				ALWAYS_SEARCH_USER_PATHS = NO;
				CLANG_ANALYZER_NONNULL = YES;
				CLANG_ANALYZER_NUMBER_OBJECT_CONVERSION = YES_AGGRESSIVE;
				CLANG_CXX_LANGUAGE_STANDARD = "gnu++14";
				CLANG_CXX_LIBRARY = "libc++";
				CLANG_ENABLE_MODULES = YES;
				CLANG_ENABLE_OBJC_ARC = YES;
				CLANG_ENABLE_OBJC_WEAK = YES;
				CLANG_WARN_BLOCK_CAPTURE_AUTORELEASING = YES;
				CLANG_WARN_BOOL_CONVERSION = YES;
				CLANG_WARN_COMMA = YES;
				CLANG_WARN_CONSTANT_CONVERSION = YES;
				CLANG_WARN_DEPRECATED_OBJC_IMPLEMENTATIONS = YES;
				CLANG_WARN_DIRECT_OBJC_ISA_USAGE = YES_ERROR;
				CLANG_WARN_DOCUMENTATION_COMMENTS = YES;
				CLANG_WARN_EMPTY_BODY = YES;
				CLANG_WARN_ENUM_CONVERSION = YES;
				CLANG_WARN_INFINITE_RECURSION = YES;
				CLANG_WARN_INT_CONVERSION = YES;
				CLANG_WARN_NON_LITERAL_NULL_CONVERSION = YES;
				CLANG_WARN_OBJC_IMPLICIT_RETAIN_SELF = YES;
				CLANG_WARN_OBJC_LITERAL_CONVERSION = YES;
				CLANG_WARN_OBJC_ROOT_CLASS = YES_ERROR;
				CLANG_WARN_QUOTED_INCLUDE_IN_FRAMEWORK_HEADER = YES;
				CLANG_WARN_RANGE_LOOP_ANALYSIS = YES;
				CLANG_WARN_STRICT_PROTOTYPES = YES;
				CLANG_WARN_SUSPICIOUS_MOVE = YES;
				CLANG_WARN_UNGUARDED_AVAILABILITY = YES_AGGRESSIVE;
				CLANG_WARN_UNREACHABLE_CODE = YES;
				CLANG_WARN__DUPLICATE_METHOD_MATCH = YES;
				COPY_PHASE_STRIP = NO;
				DEBUG_INFORMATION_FORMAT = dwarf;
				ENABLE_STRICT_OBJC_MSGSEND = YES;
				ENABLE_TESTABILITY = YES;
				GCC_C_LANGUAGE_STANDARD = gnu11;
				GCC_DYNAMIC_NO_PIC = NO;
				GCC_NO_COMMON_BLOCKS = YES;
				GCC_OPTIMIZATION_LEVEL = 0;
				GCC_PREPROCESSOR_DEFINITIONS = (
					"DEBUG=1",
					"$(inherited)",
				);
				GCC_WARN_64_TO_32_BIT_CONVERSION = YES;
				GCC_WARN_ABOUT_RETURN_TYPE = YES_ERROR;
				GCC_WARN_UNDECLARED_SELECTOR = YES;
				GCC_WARN_UNINITIALIZED_AUTOS = YES_AGGRESSIVE;
				GCC_WARN_UNUSED_FUNCTION = YES;
				GCC_WARN_UNUSED_VARIABLE = YES;
				IPHONEOS_DEPLOYMENT_TARGET = 14.5;
				MTL_ENABLE_DEBUG_INFO = INCLUDE_SOURCE;
				MTL_FAST_MATH = YES;
				ONLY_ACTIVE_ARCH = YES;
				SDKROOT = iphoneos;
				SWIFT_ACTIVE_COMPILATION_CONDITIONS = DEBUG;
				SWIFT_OPTIMIZATION_LEVEL = "-Onone";
			};
			name = Debug;
		};
		C5EA36F126D62AA500485CA8 /* Release */ = {
			isa = XCBuildConfiguration;
			buildSettings = {
				ALWAYS_SEARCH_USER_PATHS = NO;
				CLANG_ANALYZER_NONNULL = YES;
				CLANG_ANALYZER_NUMBER_OBJECT_CONVERSION = YES_AGGRESSIVE;
				CLANG_CXX_LANGUAGE_STANDARD = "gnu++14";
				CLANG_CXX_LIBRARY = "libc++";
				CLANG_ENABLE_MODULES = YES;
				CLANG_ENABLE_OBJC_ARC = YES;
				CLANG_ENABLE_OBJC_WEAK = YES;
				CLANG_WARN_BLOCK_CAPTURE_AUTORELEASING = YES;
				CLANG_WARN_BOOL_CONVERSION = YES;
				CLANG_WARN_COMMA = YES;
				CLANG_WARN_CONSTANT_CONVERSION = YES;
				CLANG_WARN_DEPRECATED_OBJC_IMPLEMENTATIONS = YES;
				CLANG_WARN_DIRECT_OBJC_ISA_USAGE = YES_ERROR;
				CLANG_WARN_DOCUMENTATION_COMMENTS = YES;
				CLANG_WARN_EMPTY_BODY = YES;
				CLANG_WARN_ENUM_CONVERSION = YES;
				CLANG_WARN_INFINITE_RECURSION = YES;
				CLANG_WARN_INT_CONVERSION = YES;
				CLANG_WARN_NON_LITERAL_NULL_CONVERSION = YES;
				CLANG_WARN_OBJC_IMPLICIT_RETAIN_SELF = YES;
				CLANG_WARN_OBJC_LITERAL_CONVERSION = YES;
				CLANG_WARN_OBJC_ROOT_CLASS = YES_ERROR;
				CLANG_WARN_QUOTED_INCLUDE_IN_FRAMEWORK_HEADER = YES;
				CLANG_WARN_RANGE_LOOP_ANALYSIS = YES;
				CLANG_WARN_STRICT_PROTOTYPES = YES;
				CLANG_WARN_SUSPICIOUS_MOVE = YES;
				CLANG_WARN_UNGUARDED_AVAILABILITY = YES_AGGRESSIVE;
				CLANG_WARN_UNREACHABLE_CODE = YES;
				CLANG_WARN__DUPLICATE_METHOD_MATCH = YES;
				COPY_PHASE_STRIP = NO;
				DEBUG_INFORMATION_FORMAT = "dwarf-with-dsym";
				ENABLE_NS_ASSERTIONS = NO;
				ENABLE_STRICT_OBJC_MSGSEND = YES;
				GCC_C_LANGUAGE_STANDARD = gnu11;
				GCC_NO_COMMON_BLOCKS = YES;
				GCC_WARN_64_TO_32_BIT_CONVERSION = YES;
				GCC_WARN_ABOUT_RETURN_TYPE = YES_ERROR;
				GCC_WARN_UNDECLARED_SELECTOR = YES;
				GCC_WARN_UNINITIALIZED_AUTOS = YES_AGGRESSIVE;
				GCC_WARN_UNUSED_FUNCTION = YES;
				GCC_WARN_UNUSED_VARIABLE = YES;
				IPHONEOS_DEPLOYMENT_TARGET = 14.5;
				MTL_ENABLE_DEBUG_INFO = NO;
				MTL_FAST_MATH = YES;
				SDKROOT = iphoneos;
				SWIFT_COMPILATION_MODE = wholemodule;
				SWIFT_OPTIMIZATION_LEVEL = "-O";
				VALIDATE_PRODUCT = YES;
			};
			name = Release;
		};
		C5EA36F326D62AA500485CA8 /* Debug */ = {
			isa = XCBuildConfiguration;
			buildSettings = {
				ASSETCATALOG_COMPILER_APPICON_NAME = AppIcon;
				ASSETCATALOG_COMPILER_GLOBAL_ACCENT_COLOR_NAME = AccentColor;
				CODE_SIGN_STYLE = Automatic;
				INFOPLIST_FILE = NewsReader/Info.plist;
				LD_RUNPATH_SEARCH_PATHS = (
					"$(inherited)",
					"@executable_path/Frameworks",
				);
				PRODUCT_BUNDLE_IDENTIFIER = com.bunoza.News.NewsReader;
				PRODUCT_NAME = "$(TARGET_NAME)";
				SWIFT_VERSION = 5.0;
				TARGETED_DEVICE_FAMILY = "1,2";
			};
			name = Debug;
		};
		C5EA36F426D62AA500485CA8 /* Release */ = {
			isa = XCBuildConfiguration;
			buildSettings = {
				ASSETCATALOG_COMPILER_APPICON_NAME = AppIcon;
				ASSETCATALOG_COMPILER_GLOBAL_ACCENT_COLOR_NAME = AccentColor;
				CODE_SIGN_STYLE = Automatic;
				INFOPLIST_FILE = NewsReader/Info.plist;
				LD_RUNPATH_SEARCH_PATHS = (
					"$(inherited)",
					"@executable_path/Frameworks",
				);
				PRODUCT_BUNDLE_IDENTIFIER = com.bunoza.News.NewsReader;
				PRODUCT_NAME = "$(TARGET_NAME)";
				SWIFT_VERSION = 5.0;
				TARGETED_DEVICE_FAMILY = "1,2";
			};
			name = Release;
		};
/* End XCBuildConfiguration section */

/* Begin XCConfigurationList section */
		C5EA36D926D62AA400485CA8 /* Build configuration list for PBXProject "NewsReader" */ = {
			isa = XCConfigurationList;
			buildConfigurations = (
				C5EA36F026D62AA500485CA8 /* Debug */,
				C5EA36F126D62AA500485CA8 /* Release */,
			);
			defaultConfigurationIsVisible = 0;
			defaultConfigurationName = Release;
		};
		C5EA36F226D62AA500485CA8 /* Build configuration list for PBXNativeTarget "NewsReader" */ = {
			isa = XCConfigurationList;
			buildConfigurations = (
				C5EA36F326D62AA500485CA8 /* Debug */,
				C5EA36F426D62AA500485CA8 /* Release */,
			);
			defaultConfigurationIsVisible = 0;
			defaultConfigurationName = Release;
		};
/* End XCConfigurationList section */
	};
	rootObject = C5EA36D626D62AA400485CA8 /* Project object */;
}
